
Microsoft Visual Studio Solution File, Format Version 12.00
# Visual Studio Version 17
VisualStudioVersion = 17.13.35919.96 d17.13
MinimumVisualStudioVersion = 10.0.40219.1
Project("{FAE04EC0-301F-11D3-BF4B-00C04F79EFBC}") = "Librya", "Librya\Librya.csproj", "{27230A00-1D79-4353-A179-CB6183B87D80}"
EndProject
Global
	GlobalSection(SolutionConfigurationPlatforms) = preSolution
		Debug|Any CPU = Debug|Any CPU
		Release|Any CPU = Release|Any CPU
	EndGlobalSection
	GlobalSection(ProjectConfigurationPlatforms) = postSolution
		{27230A00-1D79-4353-A179-CB6183B87D80}.Debug|Any CPU.ActiveCfg = Debug|Any CPU
		{27230A00-1D79-4353-A179-CB6183B87D80}.Debug|Any CPU.Build.0 = Debug|Any CPU
		{27230A00-1D79-4353-A179-CB6183B87D80}.Release|Any CPU.ActiveCfg = Release|Any CPU
		{27230A00-1D79-4353-A179-CB6183B87D80}.Release|Any CPU.Build.0 = Release|Any CPU
	EndGlobalSection
	GlobalSection(SolutionProperties) = preSolution
		HideSolutionNode = FALSE
	EndGlobalSection
	GlobalSection(ExtensibilityGlobals) = postSolution
		SolutionGuid = {41A355A4-F1B2-4CE7-9B62-F774EAF0518C}
	EndGlobalSection
EndGlobal
